# This file is @generated by PDM.
# It is not intended for manual editing.

[metadata]
groups = ["default", "dev"]
strategy = ["cross_platform"]
lock_version = "4.4.1"
content_hash = "sha256:5c5828f1572e79875edd0dec0771768cb205f85ec93db8503bb7e4335643489c"

[[package]]
name = "picologging"
version = "0.9.3"
requires_python = ">=3.7"
summary = "A fast and lightweight logging library for Python"
files = [
    {file = "picologging-0.9.3-cp312-cp312-macosx_10_15_universal2.whl", hash = "sha256:70e6957df044af10ff35d293b8ebad3f04bbfa99f88bcf4fd2a8248d1cd46320"},
    {file = "picologging-0.9.3-cp312-cp312-macosx_10_15_x86_64.whl", hash = "sha256:32d18fb7c089afe9c2a8cb1493021417c872f807d74f3fd6da85e43226664ccd"},
    {file = "picologging-0.9.3-cp312-cp312-manylinux_2_17_aarch64.manylinux2014_aarch64.whl", hash = "sha256:025a6262280374413142648cf5be7944136c54a5cc84b0ff5b2416928d7aec96"},
    {file = "picologging-0.9.3-cp312-cp312-manylinux_2_17_i686.manylinux2014_i686.whl", hash = "sha256:feaf33a2fd8a9431f3f4de9693569952ebce6e4c92cabe642327130a1d378b6c"},
    {file = "picologging-0.9.3-cp312-cp312-manylinux_2_17_x86_64.manylinux2014_x86_64.whl", hash = "sha256:06d315458ff92a2df6ce07540b390212d179e3ef2d08b48c356df72be8d0ce2d"},
    {file = "picologging-0.9.3-cp312-cp312-win32.whl", hash = "sha256:502a17cbf7303499e1edcb01b3503caeac204aa5d5f888d4b5ecdb113f0c25ee"},
    {file = "picologging-0.9.3-cp312-cp312-win_amd64.whl", hash = "sha256:16f111cdf7a210eb07bd06932c9a8ff06dc830e213c8a0efbb769e586d1f3efb"},
    {file = "picologging-0.9.3.tar.gz", hash = "sha256:6921f86ea0875ac85e252188627e9f04b872895327a7028e06c825ddb888a825"},
]

[[package]]
name = "pyside6"
version = "6.6.1"
requires_python = "<3.13,>=3.8"
summary = "Python bindings for the Qt cross-platform application and UI framework"
dependencies = [
    "PySide6-Addons==6.6.1",
    "PySide6-Essentials==6.6.1",
    "shiboken6==6.6.1",
]
files = [
    {file = "PySide6-6.6.1-cp38-abi3-macosx_11_0_universal2.whl", hash = "sha256:3c348948fe3957b18164c9c7b8942fe065bdb39648b326f212bc114326679fa9"},
    {file = "PySide6-6.6.1-cp38-abi3-manylinux_2_28_x86_64.whl", hash = "sha256:0a67587c088cb80e90d4ce3023b02466ea858c93a6dc9c4e062b13314e03d464"},
    {file = "PySide6-6.6.1-cp38-abi3-manylinux_2_31_aarch64.whl", hash = "sha256:ed3822150f0d7a06b68bf4ceebe287515b5e8309bb256e9b49ae405afd062b18"},
    {file = "PySide6-6.6.1-cp38-abi3-win_amd64.whl", hash = "sha256:3593d605175e83e6952cf3b428ecc9c146af97effb36de921ecf3da2752de082"},
]

[[package]]
name = "pyside6-addons"
version = "6.6.1"
requires_python = "<3.13,>=3.8"
summary = "Python bindings for the Qt cross-platform application and UI framework (Addons)"
dependencies = [
    "PySide6-Essentials==6.6.1",
    "shiboken6==6.6.1",
]
files = [
    {file = "PySide6_Addons-6.6.1-cp38-abi3-macosx_11_0_universal2.whl", hash = "sha256:7cb7af1b050c40f7ac891b0e61c758c1923863173932f5b92dc47bdfb4158b42"},
    {file = "PySide6_Addons-6.6.1-cp38-abi3-manylinux_2_28_x86_64.whl", hash = "sha256:a0982da4033319667f9df5ed6fa8eff300a88216aec103a1fff6751a172b19a0"},
    {file = "PySide6_Addons-6.6.1-cp38-abi3-manylinux_2_31_aarch64.whl", hash = "sha256:5a63a8a943724ce5acd2df72e5ab04982b6906963278cbabb216656b9a26ee18"},
    {file = "PySide6_Addons-6.6.1-cp38-abi3-win_amd64.whl", hash = "sha256:a223575c81e9a13173136c044c3447e25f6d656b462b4d71fc3c6bd9c935a709"},
]

[[package]]
name = "pyside6-essentials"
version = "6.6.1"
requires_python = "<3.13,>=3.8"
summary = "Python bindings for the Qt cross-platform application and UI framework (Essentials)"
dependencies = [
    "shiboken6==6.6.1",
]
files = [
    {file = "PySide6_Essentials-6.6.1-cp38-abi3-macosx_11_0_universal2.whl", hash = "sha256:0c8917b15236956957178a8c9854641b12b11dad79ba0caf26147119164c30cf"},
    {file = "PySide6_Essentials-6.6.1-cp38-abi3-manylinux_2_28_x86_64.whl", hash = "sha256:c7185616083eab6f42eaed598d97d49fac4f60ae2e7415194140d54f58c2b42c"},
    {file = "PySide6_Essentials-6.6.1-cp38-abi3-manylinux_2_31_aarch64.whl", hash = "sha256:a383c3d60298392cfb621ec1a0cf24b4799321e6c5bbafc021d4cc8076ea1315"},
    {file = "PySide6_Essentials-6.6.1-cp38-abi3-win_amd64.whl", hash = "sha256:13da926e9e9ee3e26e3f66883a9d5e43726ddee70cdabddca02a07aa1ccf9484"},
]

[[package]]
name = "ruff"
version = "0.1.13"
requires_python = ">=3.7"
summary = "An extremely fast Python linter and code formatter, written in Rust."
files = [
    {file = "ruff-0.1.13-py3-none-macosx_10_12_x86_64.macosx_11_0_arm64.macosx_10_12_universal2.whl", hash = "sha256:e3fd36e0d48aeac672aa850045e784673449ce619afc12823ea7868fcc41d8ba"},
    {file = "ruff-0.1.13-py3-none-macosx_10_12_x86_64.whl", hash = "sha256:9fb6b3b86450d4ec6a6732f9f60c4406061b6851c4b29f944f8c9d91c3611c7a"},
    {file = "ruff-0.1.13-py3-none-manylinux_2_17_aarch64.manylinux2014_aarch64.whl", hash = "sha256:b13ba5d7156daaf3fd08b6b993360a96060500aca7e307d95ecbc5bb47a69296"},
    {file = "ruff-0.1.13-py3-none-manylinux_2_17_armv7l.manylinux2014_armv7l.whl", hash = "sha256:9ebb40442f7b531e136d334ef0851412410061e65d61ca8ce90d894a094feb22"},
    {file = "ruff-0.1.13-py3-none-manylinux_2_17_i686.manylinux2014_i686.whl", hash = "sha256:226b517f42d59a543d6383cfe03cccf0091e3e0ed1b856c6824be03d2a75d3b6"},
    {file = "ruff-0.1.13-py3-none-manylinux_2_17_ppc64.manylinux2014_ppc64.whl", hash = "sha256:5f0312ba1061e9b8c724e9a702d3c8621e3c6e6c2c9bd862550ab2951ac75c16"},
    {file = "ruff-0.1.13-py3-none-manylinux_2_17_ppc64le.manylinux2014_ppc64le.whl", hash = "sha256:2f59bcf5217c661254bd6bc42d65a6fd1a8b80c48763cb5c2293295babd945dd"},
    {file = "ruff-0.1.13-py3-none-manylinux_2_17_s390x.manylinux2014_s390x.whl", hash = "sha256:e6894b00495e00c27b6ba61af1fc666f17de6140345e5ef27dd6e08fb987259d"},
    {file = "ruff-0.1.13-py3-none-manylinux_2_17_x86_64.manylinux2014_x86_64.whl", hash = "sha256:9a1600942485c6e66119da294c6294856b5c86fd6df591ce293e4a4cc8e72989"},
    {file = "ruff-0.1.13-py3-none-musllinux_1_2_aarch64.whl", hash = "sha256:ee3febce7863e231a467f90e681d3d89210b900d49ce88723ce052c8761be8c7"},
    {file = "ruff-0.1.13-py3-none-musllinux_1_2_armv7l.whl", hash = "sha256:dcaab50e278ff497ee4d1fe69b29ca0a9a47cd954bb17963628fa417933c6eb1"},
    {file = "ruff-0.1.13-py3-none-musllinux_1_2_i686.whl", hash = "sha256:f57de973de4edef3ad3044d6a50c02ad9fc2dff0d88587f25f1a48e3f72edf5e"},
    {file = "ruff-0.1.13-py3-none-musllinux_1_2_x86_64.whl", hash = "sha256:7a36fa90eb12208272a858475ec43ac811ac37e91ef868759770b71bdabe27b6"},
    {file = "ruff-0.1.13-py3-none-win32.whl", hash = "sha256:a623349a505ff768dad6bd57087e2461be8db58305ebd5577bd0e98631f9ae69"},
    {file = "ruff-0.1.13-py3-none-win_amd64.whl", hash = "sha256:f988746e3c3982bea7f824c8fa318ce7f538c4dfefec99cd09c8770bd33e6539"},
    {file = "ruff-0.1.13-py3-none-win_arm64.whl", hash = "sha256:6bbbc3042075871ec17f28864808540a26f0f79a4478c357d3e3d2284e832998"},
    {file = "ruff-0.1.13.tar.gz", hash = "sha256:e261f1baed6291f434ffb1d5c6bd8051d1c2a26958072d38dfbec39b3dda7352"},
]

[[package]]
name = "shiboken6"
version = "6.6.1"
requires_python = "<3.13,>=3.8"
summary = "Python/C++ bindings helper module"
files = [
    {file = "shiboken6-6.6.1-cp38-abi3-macosx_11_0_universal2.whl", hash = "sha256:d756fd1fa945b787e8eef142f2eb571da0b4c4dc2f2eec1a7c12a474a2cf84e4"},
    {file = "shiboken6-6.6.1-cp38-abi3-manylinux_2_28_x86_64.whl", hash = "sha256:fb102e4bc210006f0cdd0ce38e1aaaaf792bd871f02a2b3f01d07922c5cf4c59"},
    {file = "shiboken6-6.6.1-cp38-abi3-manylinux_2_31_aarch64.whl", hash = "sha256:a605960e72af5eef915991cee7eef4cc72f5cabe63b9ae1a955ceb3d3b0a00b9"},
    {file = "shiboken6-6.6.1-cp38-abi3-win_amd64.whl", hash = "sha256:072c35c4fe46ec13b364d9dc47b055bb2277ee3aeaab18c23650280ec362f62a"},
]

[[package]]
name = "toml"
version = "0.10.2"
requires_python = ">=2.6, !=3.0.*, !=3.1.*, !=3.2.*"
summary = "Python Library for Tom's Obvious, Minimal Language"
files = [
    {file = "toml-0.10.2-py2.py3-none-any.whl", hash = "sha256:806143ae5bfb6a3c6e736a764057db0e6a0e05e338b5630894a5f779cabb4f9b"},
    {file = "toml-0.10.2.tar.gz", hash = "sha256:b3bda1d108d5dd99f4a20d24d9c348e91c4db7ab1b749200bded2f839ccbe68f"},
]
